
Microsoft Visual Studio Solution File, Format Version 12.00
Project("{2150E333-8FDC-42A3-9474-1A3956D46DE8}") = "Core", "Core", "{3A050F6F-795A-4C2C-B388-DAA8C160DE79}"
EndProject
Project("{2150E333-8FDC-42A3-9474-1A3956D46DE8}") = "Infrastructure", "Infrastructure", "{AE5B75A8-DD8D-4022-9B2D-073C5E846537}"
EndProject
Project("{FAE04EC0-301F-11D3-BF4B-00C04F79EFBC}") = "Contracts", "Contracts\Contracts.csproj", "{84DC7CD8-5C5E-43F8-8B8A-CEAC1078252C}"
EndProject
Project("{FAE04EC0-301F-11D3-BF4B-00C04F79EFBC}") = "Domain", "Domain\Domain.csproj", "{F2F0589C-AD3D-4B95-823F-90927F7A2849}"
EndProject
Project("{FAE04EC0-301F-11D3-BF4B-00C04F79EFBC}") = "Services", "Services\Services.csproj", "{BCB1CF09-27E7-46EF-BD3E-B63CB32F15C0}"
EndProject
Project("{FAE04EC0-301F-11D3-BF4B-00C04F79EFBC}") = "Services.Abstractions", "Services.Abstractions\Services.Abstractions.csproj", "{EEA1E1E0-9AB3-41BE-9026-E1D2C34A58F3}"
EndProject
Project("{FAE04EC0-301F-11D3-BF4B-00C04F79EFBC}") = "Persistence", "Persistence\Persistence.csproj", "{BB12799F-08BE-47DC-AE29-426BE89F7647}"
EndProject
Project("{FAE04EC0-301F-11D3-BF4B-00C04F79EFBC}") = "Presentation", "Presentation\Presentation.csproj", "{45F865E2-D524-4B12-9945-7AE01796F38B}"
EndProject
Project("{FAE04EC0-301F-11D3-BF4B-00C04F79EFBC}") = "WebApi", "WebApi\WebApi.csproj", "{B8B7102E-3B8A-4D28-8A34-7CEF7C14C66C}"
EndProject
Global
	GlobalSection(SolutionConfigurationPlatforms) = preSolution
		Debug|Any CPU = Debug|Any CPU
		Release|Any CPU = Release|Any CPU
	EndGlobalSection
	GlobalSection(ProjectConfigurationPlatforms) = postSolution
		{84DC7CD8-5C5E-43F8-8B8A-CEAC1078252C}.Debug|Any CPU.ActiveCfg = Debug|Any CPU
		{84DC7CD8-5C5E-43F8-8B8A-CEAC1078252C}.Debug|Any CPU.Build.0 = Debug|Any CPU
		{84DC7CD8-5C5E-43F8-8B8A-CEAC1078252C}.Release|Any CPU.ActiveCfg = Release|Any CPU
		{84DC7CD8-5C5E-43F8-8B8A-CEAC1078252C}.Release|Any CPU.Build.0 = Release|Any CPU
		{F2F0589C-AD3D-4B95-823F-90927F7A2849}.Debug|Any CPU.ActiveCfg = Debug|Any CPU
		{F2F0589C-AD3D-4B95-823F-90927F7A2849}.Debug|Any CPU.Build.0 = Debug|Any CPU
		{F2F0589C-AD3D-4B95-823F-90927F7A2849}.Release|Any CPU.ActiveCfg = Release|Any CPU
		{F2F0589C-AD3D-4B95-823F-90927F7A2849}.Release|Any CPU.Build.0 = Release|Any CPU
		{BCB1CF09-27E7-46EF-BD3E-B63CB32F15C0}.Debug|Any CPU.ActiveCfg = Debug|Any CPU
		{BCB1CF09-27E7-46EF-BD3E-B63CB32F15C0}.Debug|Any CPU.Build.0 = Debug|Any CPU
		{BCB1CF09-27E7-46EF-BD3E-B63CB32F15C0}.Release|Any CPU.ActiveCfg = Release|Any CPU
		{BCB1CF09-27E7-46EF-BD3E-B63CB32F15C0}.Release|Any CPU.Build.0 = Release|Any CPU
		{EEA1E1E0-9AB3-41BE-9026-E1D2C34A58F3}.Debug|Any CPU.ActiveCfg = Debug|Any CPU
		{EEA1E1E0-9AB3-41BE-9026-E1D2C34A58F3}.Debug|Any CPU.Build.0 = Debug|Any CPU
		{EEA1E1E0-9AB3-41BE-9026-E1D2C34A58F3}.Release|Any CPU.ActiveCfg = Release|Any CPU
		{EEA1E1E0-9AB3-41BE-9026-E1D2C34A58F3}.Release|Any CPU.Build.0 = Release|Any CPU
		{BB12799F-08BE-47DC-AE29-426BE89F7647}.Debug|Any CPU.ActiveCfg = Debug|Any CPU
		{BB12799F-08BE-47DC-AE29-426BE89F7647}.Debug|Any CPU.Build.0 = Debug|Any CPU
		{BB12799F-08BE-47DC-AE29-426BE89F7647}.Release|Any CPU.ActiveCfg = Release|Any CPU
		{BB12799F-08BE-47DC-AE29-426BE89F7647}.Release|Any CPU.Build.0 = Release|Any CPU
		{45F865E2-D524-4B12-9945-7AE01796F38B}.Debug|Any CPU.ActiveCfg = Debug|Any CPU
		{45F865E2-D524-4B12-9945-7AE01796F38B}.Debug|Any CPU.Build.0 = Debug|Any CPU
		{45F865E2-D524-4B12-9945-7AE01796F38B}.Release|Any CPU.ActiveCfg = Release|Any CPU
		{45F865E2-D524-4B12-9945-7AE01796F38B}.Release|Any CPU.Build.0 = Release|Any CPU
		{B8B7102E-3B8A-4D28-8A34-7CEF7C14C66C}.Debug|Any CPU.ActiveCfg = Debug|Any CPU
		{B8B7102E-3B8A-4D28-8A34-7CEF7C14C66C}.Debug|Any CPU.Build.0 = Debug|Any CPU
		{B8B7102E-3B8A-4D28-8A34-7CEF7C14C66C}.Release|Any CPU.ActiveCfg = Release|Any CPU
		{B8B7102E-3B8A-4D28-8A34-7CEF7C14C66C}.Release|Any CPU.Build.0 = Release|Any CPU
	EndGlobalSection
	GlobalSection(NestedProjects) = preSolution
		{84DC7CD8-5C5E-43F8-8B8A-CEAC1078252C} = {3A050F6F-795A-4C2C-B388-DAA8C160DE79}
		{F2F0589C-AD3D-4B95-823F-90927F7A2849} = {3A050F6F-795A-4C2C-B388-DAA8C160DE79}
		{BCB1CF09-27E7-46EF-BD3E-B63CB32F15C0} = {3A050F6F-795A-4C2C-B388-DAA8C160DE79}
		{EEA1E1E0-9AB3-41BE-9026-E1D2C34A58F3} = {3A050F6F-795A-4C2C-B388-DAA8C160DE79}
		{BB12799F-08BE-47DC-AE29-426BE89F7647} = {AE5B75A8-DD8D-4022-9B2D-073C5E846537}
		{45F865E2-D524-4B12-9945-7AE01796F38B} = {AE5B75A8-DD8D-4022-9B2D-073C5E846537}
	EndGlobalSection
EndGlobal
